
Microsoft Visual Studio Solution File, Format Version 12.00
# Visual Studio Version 16
VisualStudioVersion = 16.0.29519.87
MinimumVisualStudioVersion = 10.0.40219.1
Project("{FAE04EC0-301F-11D3-BF4B-00C04F79EFBC}") = "teste-youtube.WebApi", "teste-youtube\teste-youtube.WebApi.csproj", "{2FBB595B-9CE4-482C-A7F3-D9499141ADFC}"
EndProject
Project("{FAE04EC0-301F-11D3-BF4B-00C04F79EFBC}") = "teste-youtube.ApiModel", "teste-youtube.ApiModel\teste-youtube.ApiModel.csproj", "{9F0FE676-2C65-4F65-B62B-4DBE5888652C}"
EndProject
Global
	GlobalSection(SolutionConfigurationPlatforms) = preSolution
		Debug|Any CPU = Debug|Any CPU
		Release|Any CPU = Release|Any CPU
	EndGlobalSection
	GlobalSection(ProjectConfigurationPlatforms) = postSolution
		{2FBB595B-9CE4-482C-A7F3-D9499141ADFC}.Debug|Any CPU.ActiveCfg = Debug|Any CPU
		{2FBB595B-9CE4-482C-A7F3-D9499141ADFC}.Debug|Any CPU.Build.0 = Debug|Any CPU
		{2FBB595B-9CE4-482C-A7F3-D9499141ADFC}.Release|Any CPU.ActiveCfg = Release|Any CPU
		{2FBB595B-9CE4-482C-A7F3-D9499141ADFC}.Release|Any CPU.Build.0 = Release|Any CPU
		{9F0FE676-2C65-4F65-B62B-4DBE5888652C}.Debug|Any CPU.ActiveCfg = Debug|Any CPU
		{9F0FE676-2C65-4F65-B62B-4DBE5888652C}.Debug|Any CPU.Build.0 = Debug|Any CPU
		{9F0FE676-2C65-4F65-B62B-4DBE5888652C}.Release|Any CPU.ActiveCfg = Release|Any CPU
		{9F0FE676-2C65-4F65-B62B-4DBE5888652C}.Release|Any CPU.Build.0 = Release|Any CPU
	EndGlobalSection
	GlobalSection(SolutionProperties) = preSolution
		HideSolutionNode = FALSE
	EndGlobalSection
	GlobalSection(ExtensibilityGlobals) = postSolution
		SolutionGuid = {87083990-5F04-4222-BCF7-615D8196E977}
	EndGlobalSection
EndGlobal
